
Microsoft Visual Studio Solution File, Format Version 12.00
# Visual Studio Version 17
VisualStudioVersion = 17.8.34330.188
MinimumVisualStudioVersion = 10.0.40219.1
Project("{FAE04EC0-301F-11D3-BF4B-00C04F79EFBC}") = "MvcCoreAdoNet", "MvcCoreAdoNet\MvcCoreAdoNet.csproj", "{0E87CD5A-6652-44F3-B205-204ED3E405F0}"
EndProject
Global
	GlobalSection(SolutionConfigurationPlatforms) = preSolution
		Debug|Any CPU = Debug|Any CPU
		Release|Any CPU = Release|Any CPU
	EndGlobalSection
	GlobalSection(ProjectConfigurationPlatforms) = postSolution
		{0E87CD5A-6652-44F3-B205-204ED3E405F0}.Debug|Any CPU.ActiveCfg = Debug|Any CPU
		{0E87CD5A-6652-44F3-B205-204ED3E405F0}.Debug|Any CPU.Build.0 = Debug|Any CPU
		{0E87CD5A-6652-44F3-B205-204ED3E405F0}.Release|Any CPU.ActiveCfg = Release|Any CPU
		{0E87CD5A-6652-44F3-B205-204ED3E405F0}.Release|Any CPU.Build.0 = Release|Any CPU
	EndGlobalSection
	GlobalSection(SolutionProperties) = preSolution
		HideSolutionNode = FALSE
	EndGlobalSection
	GlobalSection(ExtensibilityGlobals) = postSolution
		SolutionGuid = {CD155826-D8B6-495E-9C99-D06AE4DFEF83}
	EndGlobalSection
EndGlobal
